code.benchapman.ie/boshstemcells v0.0.0-20181017151931-3a80244c862c h1:mPkkdk2o4mHBqmRVw6kC1cQLkzVGcP5egYbZZ7aV39c=
code.benchapman.ie/boshstemcells v0.0.0-20181017151931-3a80244c862c/go.mod h1:AY3+nurAvzhDRN0E1J7ISvceWtjVpGIIXmoVsMTHhAs=
github.com/golang/protobuf v1.3.1 h1:YF8+flBXS5eO826T4nzqPrxfhQThhXl0YzfuUPu4SBg=
github.com/golang/protobuf v1.3.1/go.mod h1:6lQm79b+lXiMfvg/cZm0SGofjICqVBUtrP5yJMmIC1U=
github.com/gorilla/context v1.1.1 h1:AWwleXJkX/nhcU9bZSnZoi3h/qGYqQAGhq6zZe/aQW8=
github.com/gorilla/context v1.1.1/go.mod h1:kBGZzfjB9CEq2AlWe17Uuf7NDRt0dE0s8S51q0aT7Yg=
github.com/gorilla/mux v1.6.2 h1:Pgr17XVTNXAk3q/r4CpKzC5xBM/qW1uVLV+IhRZpIIk=
github.com/gorilla/mux v1.6.2/go.mod h1:1lud6UwP+6orDFRuTfBEV8e9/aOM/c4fVVCaMa2zaAs=
github.com/miekg/dns v1.0.8 h1:Zi8HNpze3NeRWH1PQV6O71YcvJRQ6j0lORO6DAEmAAI=
github.com/miekg/dns v1.0.8/go.mod h1:W1PPwlIAgtquWBMBEV9nkV9Cazfe8ScdGz/Lj7v3Nrg=
github.com/onsi/ginkgo v1.5.0 h1:uZr+v/TFDdYkdA+j02sPO1kA5owrfjBGCJAogfIyThE=
github.com/onsi/ginkgo v1.5.0/go.mod h1:lLunBs/Ym6LB5Z9jYTR76FiuTmxDTDusOGeTQH+WWjE=
github.com/onsi/gomega v1.4.0 h1:p/ZBjQI9G/VwoPrslo/sqS6R5vHU9Od60+axIiP6WuQ=
github.com/onsi/gomega v1.4.0/go.mod h1:C1qb7wdrVGGVU+Z6iS04AVkA3Q65CEZX59MT0QO5uiA=
github.com/zaccone/spf v0.0.0-20170817004109-76747b8658d9 h1:NugUf62Z6Yzn//u/MT+cuaFX1AFzfuIR9QVywUQX18E=
github.com/zaccone/spf v0.0.0-20170817004109-76747b8658d9/go.mod h1:AL91TJsHKIaWR16S1IaxTSZfBRMr3/dOdiN1OZ1m9RM=
golang.org/x/crypto v0.0.0-20180621125126-a49355c7e3f8 h1:h7zdf0RiEvWbYBKIx4b+q41xoUVnMmvsGZnIVE5syG8=
golang.org/x/crypto v0.0.0-20180621125126-a49355c7e3f8/go.mod h1:6SG95UA2DQfeDnfUPMdvaQW0Q7yPrPDi9nlGo2tz2b4=
golang.org/x/net v0.0.0-20180712202826-d0887baf81f4 h1:KDF3PK6A+dkI7c4O8QbMtJqcXE3LdNJFGZECIlifQOg=
golang.org/x/net v0.0.0-20180712202826-d0887baf81f4/go.mod h1:mL1N/T3taQHkDXs73rZJwtUhF3w3ftmwwsq0BUmARs4=
golang.org/x/sys v0.0.0-20180715085529-ac767d655b30 h1:4bYUqrXBoiI7UFQeibUwFhvcHfaEeL75O3lOcZa964o=
golang.org/x/sys v0.0.0-20180715085529-ac767d655b30/go.mod h1:STP8DvDyc/dI5b8T5hshtkjS+E42TnysNCUPdjciGhY=
golang.org/x/text v0.3.0 h1:g61tztE5qeGQ89tm6NTjjM9VPIm088od1l6aSorWRWg=
golang.org/x/text v0.3.0/go.mod h1:NqM8EUOU14njkJ3fqMW+pc6Ldnwhi/IjpwHt7yyuwOQ=
gopkg.in/check.v1 v0.0.0-20161208181325-20d25e280405 h1:yhCVgyC4o1eVCa2tZl7eS0r+SDo693bJlVdllGtEeKM=
gopkg.in/check.v1 v0.0.0-20161208181325-20d25e280405/go.mod h1:Co6ibVJAznAaIkqp8huTwlJQCZ016jof/cbN4VW5Yz0=
gopkg.in/yaml.v2 v2.2.1 h1:mUhvW9EsL+naU5Q3cakzfE91YhliOondGd6ZrsDBHQE=
gopkg.in/yaml.v2 v2.2.1/go.mod h1:hI93XBmqTisBFMUTm0b8Fm+jr3Dg1NNxqwp+5A1VGuI=
